
Microsoft Visual Studio Solution File, Format Version 12.00
# Visual Studio Version 16
VisualStudioVersion = 16.0.29926.136
MinimumVisualStudioVersion = 10.0.40219.1
Project("{FAE04EC0-301F-11D3-BF4B-00C04F79EFBC}") = "ksssssssss", "ksssssssss\ksssssssss.csproj", "{905B83D8-6D56-4339-A254-CB746BF78C01}"
EndProject
Global
	GlobalSection(SolutionConfigurationPlatforms) = preSolution
		Debug|Any CPU = Debug|Any CPU
		Release|Any CPU = Release|Any CPU
	EndGlobalSection
	GlobalSection(ProjectConfigurationPlatforms) = postSolution
		{905B83D8-6D56-4339-A254-CB746BF78C01}.Debug|Any CPU.ActiveCfg = Debug|Any CPU
		{905B83D8-6D56-4339-A254-CB746BF78C01}.Debug|Any CPU.Build.0 = Debug|Any CPU
		{905B83D8-6D56-4339-A254-CB746BF78C01}.Release|Any CPU.ActiveCfg = Release|Any CPU
		{905B83D8-6D56-4339-A254-CB746BF78C01}.Release|Any CPU.Build.0 = Release|Any CPU
	EndGlobalSection
	GlobalSection(SolutionProperties) = preSolution
		HideSolutionNode = FALSE
	EndGlobalSection
	GlobalSection(ExtensibilityGlobals) = postSolution
		SolutionGuid = {286B5453-2BA2-4B19-88A9-2F1FF40DE77F}
	EndGlobalSection
EndGlobal
